schema: '2.0'
stages:
  data_ingestion:
    cmd: python src/data_ingestion.py
    deps:
    - path: src/data_ingestion.py
      hash: md5
      md5: 710f77211d6ed828d99d5bcf56393155
      size: 3747
    params:
      params.yaml:
        data_ingestion.test_size: 0.2
    outs:
    - path: data/raw
      hash: md5
      md5: 1a287d34dc172d9f950c03dae35f7e73.dir
      size: 484846
      nfiles: 2
  data_preprocessing:
    cmd: python src/data_preprocessing.py
    deps:
    - path: data/raw
      hash: md5
      md5: 1a287d34dc172d9f950c03dae35f7e73.dir
      size: 484846
      nfiles: 2
    - path: src/data_preprocessing.py
      hash: md5
      md5: a4488abfb0ea78ba790e3ec6d9484cea
      size: 4406
    outs:
    - path: data/interim
      hash: md5
      md5: 99acd2e687128558bb1acf14532a9437.dir
      size: 275870
      nfiles: 2
  feature_engineering:
    cmd: python src/feature_engineering.py
    deps:
    - path: data/interim
      hash: md5
      md5: 99acd2e687128558bb1acf14532a9437.dir
      size: 275870
      nfiles: 2
    - path: src/feature_engineering.py
      hash: md5
      md5: c4c93d488eb63c773529c31356d5efe8
      size: 3970
    params:
      params.yaml:
        feature_engineering.max_features: 60
    outs:
    - path: data/processed
      hash: md5
      md5: 6deb1fb99d81bb1d0d4cc8667c69f32d.dir
      size: 1409728
      nfiles: 2
  model_building:
    cmd: python src/model_building.py
    deps:
    - path: data/processed
      hash: md5
      md5: 6deb1fb99d81bb1d0d4cc8667c69f32d.dir
      size: 1409728
      nfiles: 2
    - path: src/model_building.py
      hash: md5
      md5: eadea258509ede6bfb04befe698314f7
      size: 4526
    params:
      params.yaml:
        model_building.n_estimators: 100
        model_building.random_state: 42
    outs:
    - path: models/model.pkl
      hash: md5
      md5: bb8795aaa6dfa94026e317b69b212c4f
      size: 4435502
  model_evaluation:
    cmd: python src/model_evaluation.py
    deps:
    - path: models/model.pkl
      hash: md5
      md5: bb8795aaa6dfa94026e317b69b212c4f
      size: 4435502
    - path: src/model_evaluation.py
      hash: md5
      md5: 663e8f94b9679ec53a52a21e13cd7449
      size: 4641
    outs:
    - path: reports/metrics.json
      hash: md5
      md5: 4a9a58077e68bc04ee437053d0355eb2
      size: 144
